
Microsoft Visual Studio Solution File, Format Version 12.00
# Visual Studio Version 17
VisualStudioVersion = 17.11.35303.130
MinimumVisualStudioVersion = 10.0.40219.1
Project("{FAE04EC0-301F-11D3-BF4B-00C04F79EFBC}") = "Pergunta2", "Pergunta2\Pergunta2.csproj", "{2B6B101D-3321-4AEB-B723-4D077065D945}"
EndProject
Global
	GlobalSection(SolutionConfigurationPlatforms) = preSolution
		Debug|Any CPU = Debug|Any CPU
		Release|Any CPU = Release|Any CPU
	EndGlobalSection
	GlobalSection(ProjectConfigurationPlatforms) = postSolution
		{2B6B101D-3321-4AEB-B723-4D077065D945}.Debug|Any CPU.ActiveCfg = Debug|Any CPU
		{2B6B101D-3321-4AEB-B723-4D077065D945}.Debug|Any CPU.Build.0 = Debug|Any CPU
		{2B6B101D-3321-4AEB-B723-4D077065D945}.Release|Any CPU.ActiveCfg = Release|Any CPU
		{2B6B101D-3321-4AEB-B723-4D077065D945}.Release|Any CPU.Build.0 = Release|Any CPU
	EndGlobalSection
	GlobalSection(SolutionProperties) = preSolution
		HideSolutionNode = FALSE
	EndGlobalSection
	GlobalSection(ExtensibilityGlobals) = postSolution
		SolutionGuid = {280BA65C-1409-44D2-B57A-81E2F2068FB3}
	EndGlobalSection
EndGlobal
